
Microsoft Visual Studio Solution File, Format Version 12.00
# Visual Studio Version 16
VisualStudioVersion = 16.0.31129.286
MinimumVisualStudioVersion = 10.0.40219.1
Project("{8BC9CEB8-8B4A-11D0-8D11-00A0C91BC942}") = "passag", "passag\passag.vcxproj", "{68992BDD-EA02-4E49-A8EF-72D07FD91130}"
EndProject
Global
	GlobalSection(SolutionConfigurationPlatforms) = preSolution
		Debug|x64 = Debug|x64
		Debug|x86 = Debug|x86
		Release|x64 = Release|x64
		Release|x86 = Release|x86
	EndGlobalSection
	GlobalSection(ProjectConfigurationPlatforms) = postSolution
		{68992BDD-EA02-4E49-A8EF-72D07FD91130}.Debug|x64.ActiveCfg = Debug|x64
		{68992BDD-EA02-4E49-A8EF-72D07FD91130}.Debug|x64.Build.0 = Debug|x64
		{68992BDD-EA02-4E49-A8EF-72D07FD91130}.Debug|x86.ActiveCfg = Debug|Win32
		{68992BDD-EA02-4E49-A8EF-72D07FD91130}.Debug|x86.Build.0 = Debug|Win32
		{68992BDD-EA02-4E49-A8EF-72D07FD91130}.Release|x64.ActiveCfg = Release|x64
		{68992BDD-EA02-4E49-A8EF-72D07FD91130}.Release|x64.Build.0 = Release|x64
		{68992BDD-EA02-4E49-A8EF-72D07FD91130}.Release|x86.ActiveCfg = Release|Win32
		{68992BDD-EA02-4E49-A8EF-72D07FD91130}.Release|x86.Build.0 = Release|Win32
	EndGlobalSection
	GlobalSection(SolutionProperties) = preSolution
		HideSolutionNode = FALSE
	EndGlobalSection
	GlobalSection(ExtensibilityGlobals) = postSolution
		SolutionGuid = {85D0C3E5-8466-49AC-B4AE-47A6C2F3EE50}
	EndGlobalSection
EndGlobal
